
Microsoft Visual Studio Solution File, Format Version 12.00
# Visual Studio Version 17
VisualStudioVersion = 17.4.33213.308
MinimumVisualStudioVersion = 10.0.40219.1
Project("{9A19103F-16F7-4668-BE54-9A1E7A4F7556}") = "Zero", "Zero.csproj", "{58979C56-A7F3-41CE-8E12-ADD10002C98B}"
EndProject
Project("{FAE04EC0-301F-11D3-BF4B-00C04F79EFBC}") = "ZeroWallet", "..\ZeroWallet\ZeroWallet.csproj", "{B587C5C2-FD09-49EE-9E6E-C2576FD5BB70}"
EndProject
Global
	GlobalSection(SolutionConfigurationPlatforms) = preSolution
		Debug|Any CPU = Debug|Any CPU
		Release|Any CPU = Release|Any CPU
	EndGlobalSection
	GlobalSection(ProjectConfigurationPlatforms) = postSolution
		{58979C56-A7F3-41CE-8E12-ADD10002C98B}.Debug|Any CPU.ActiveCfg = Debug|Any CPU
		{58979C56-A7F3-41CE-8E12-ADD10002C98B}.Debug|Any CPU.Build.0 = Debug|Any CPU
		{58979C56-A7F3-41CE-8E12-ADD10002C98B}.Release|Any CPU.ActiveCfg = Release|Any CPU
		{58979C56-A7F3-41CE-8E12-ADD10002C98B}.Release|Any CPU.Build.0 = Release|Any CPU
		{B587C5C2-FD09-49EE-9E6E-C2576FD5BB70}.Debug|Any CPU.ActiveCfg = Debug|Any CPU
		{B587C5C2-FD09-49EE-9E6E-C2576FD5BB70}.Debug|Any CPU.Build.0 = Debug|Any CPU
		{B587C5C2-FD09-49EE-9E6E-C2576FD5BB70}.Release|Any CPU.ActiveCfg = Release|Any CPU
		{B587C5C2-FD09-49EE-9E6E-C2576FD5BB70}.Release|Any CPU.Build.0 = Release|Any CPU
	EndGlobalSection
	GlobalSection(SolutionProperties) = preSolution
		HideSolutionNode = FALSE
	EndGlobalSection
	GlobalSection(ExtensibilityGlobals) = postSolution
		SolutionGuid = {1ADD7E99-D3EC-4122-A7E0-76BEA8A465F0}
	EndGlobalSection
EndGlobal
